
Microsoft Visual Studio Solution File, Format Version 12.00
# Visual Studio 14
VisualStudioVersion = 14.0.24720.0
MinimumVisualStudioVersion = 10.0.40219.1
Project("{FAE04EC0-301F-11D3-BF4B-00C04F79EFBC}") = "FastBar", "FastBar\FastBar.csproj", "{A3CD9FCF-C0FC-49AC-9A07-17516890247D}"
EndProject
Project("{FAE04EC0-301F-11D3-BF4B-00C04F79EFBC}") = "FastBar.Tests", "FastBar.Tests\FastBar.Tests.csproj", "{5CC5B105-7436-441D-83BF-BF3061194272}"
EndProject
Global
	GlobalSection(SolutionConfigurationPlatforms) = preSolution
		Debug|Any CPU = Debug|Any CPU
		Release|Any CPU = Release|Any CPU
	EndGlobalSection
	GlobalSection(ProjectConfigurationPlatforms) = postSolution
		{A3CD9FCF-C0FC-49AC-9A07-17516890247D}.Debug|Any CPU.ActiveCfg = Debug|Any CPU
		{A3CD9FCF-C0FC-49AC-9A07-17516890247D}.Debug|Any CPU.Build.0 = Debug|Any CPU
		{A3CD9FCF-C0FC-49AC-9A07-17516890247D}.Release|Any CPU.ActiveCfg = Release|Any CPU
		{A3CD9FCF-C0FC-49AC-9A07-17516890247D}.Release|Any CPU.Build.0 = Release|Any CPU
		{5CC5B105-7436-441D-83BF-BF3061194272}.Debug|Any CPU.ActiveCfg = Debug|Any CPU
		{5CC5B105-7436-441D-83BF-BF3061194272}.Debug|Any CPU.Build.0 = Debug|Any CPU
		{5CC5B105-7436-441D-83BF-BF3061194272}.Release|Any CPU.ActiveCfg = Release|Any CPU
		{5CC5B105-7436-441D-83BF-BF3061194272}.Release|Any CPU.Build.0 = Release|Any CPU
	EndGlobalSection
	GlobalSection(SolutionProperties) = preSolution
		HideSolutionNode = FALSE
	EndGlobalSection
EndGlobal
